
Microsoft Visual Studio Solution File, Format Version 12.00
# Visual Studio 15
VisualStudioVersion = 15.0.26730.16
MinimumVisualStudioVersion = 10.0.40219.1
Project("{FAE04EC0-301F-11D3-BF4B-00C04F79EFBC}") = "GetMax", "GetMax\GetMax.csproj", "{FFCB371E-68A8-46AE-82F9-DFF8A8EF759F}"
EndProject
Project("{FAE04EC0-301F-11D3-BF4B-00C04F79EFBC}") = "GeometryCalculator", "GeometryCalculator\GeometryCalculator.csproj", "{C7D65FB5-F861-44D3-A7EF-CDFCE6FD811C}"
EndProject
Global
	GlobalSection(SolutionConfigurationPlatforms) = preSolution
		Debug|Any CPU = Debug|Any CPU
		Release|Any CPU = Release|Any CPU
	EndGlobalSection
	GlobalSection(ProjectConfigurationPlatforms) = postSolution
		{FFCB371E-68A8-46AE-82F9-DFF8A8EF759F}.Debug|Any CPU.ActiveCfg = Debug|Any CPU
		{FFCB371E-68A8-46AE-82F9-DFF8A8EF759F}.Debug|Any CPU.Build.0 = Debug|Any CPU
		{FFCB371E-68A8-46AE-82F9-DFF8A8EF759F}.Release|Any CPU.ActiveCfg = Release|Any CPU
		{FFCB371E-68A8-46AE-82F9-DFF8A8EF759F}.Release|Any CPU.Build.0 = Release|Any CPU
		{C7D65FB5-F861-44D3-A7EF-CDFCE6FD811C}.Debug|Any CPU.ActiveCfg = Debug|Any CPU
		{C7D65FB5-F861-44D3-A7EF-CDFCE6FD811C}.Debug|Any CPU.Build.0 = Debug|Any CPU
		{C7D65FB5-F861-44D3-A7EF-CDFCE6FD811C}.Release|Any CPU.ActiveCfg = Release|Any CPU
		{C7D65FB5-F861-44D3-A7EF-CDFCE6FD811C}.Release|Any CPU.Build.0 = Release|Any CPU
	EndGlobalSection
	GlobalSection(SolutionProperties) = preSolution
		HideSolutionNode = FALSE
	EndGlobalSection
	GlobalSection(ExtensibilityGlobals) = postSolution
		SolutionGuid = {067972F5-DE32-4182-BF51-A2C8C21343EF}
	EndGlobalSection
EndGlobal
