
Microsoft Visual Studio Solution File, Format Version 12.00
# Visual Studio 15
VisualStudioVersion = 15.0.26730.16
MinimumVisualStudioVersion = 10.0.40219.1
Project("{FAE04EC0-301F-11D3-BF4B-00C04F79EFBC}") = "WorkingWithSomeIntegers", "WorkingWithSomeIntegers\WorkingWithSomeIntegers.csproj", "{0107D612-775B-4512-BD1F-BE601AA9CF48}"
EndProject
Project("{FAE04EC0-301F-11D3-BF4B-00C04F79EFBC}") = "WorkingWithSomeLetters", "WorkingWithSomeLetters\WorkingWithSomeLetters.csproj", "{3C7402D6-F5B1-4551-B0EB-AE9C41D9756B}"
EndProject
Global
	GlobalSection(SolutionConfigurationPlatforms) = preSolution
		Debug|Any CPU = Debug|Any CPU
		Release|Any CPU = Release|Any CPU
	EndGlobalSection
	GlobalSection(ProjectConfigurationPlatforms) = postSolution
		{0107D612-775B-4512-BD1F-BE601AA9CF48}.Debug|Any CPU.ActiveCfg = Debug|Any CPU
		{0107D612-775B-4512-BD1F-BE601AA9CF48}.Debug|Any CPU.Build.0 = Debug|Any CPU
		{0107D612-775B-4512-BD1F-BE601AA9CF48}.Release|Any CPU.ActiveCfg = Release|Any CPU
		{0107D612-775B-4512-BD1F-BE601AA9CF48}.Release|Any CPU.Build.0 = Release|Any CPU
		{3C7402D6-F5B1-4551-B0EB-AE9C41D9756B}.Debug|Any CPU.ActiveCfg = Debug|Any CPU
		{3C7402D6-F5B1-4551-B0EB-AE9C41D9756B}.Debug|Any CPU.Build.0 = Debug|Any CPU
		{3C7402D6-F5B1-4551-B0EB-AE9C41D9756B}.Release|Any CPU.ActiveCfg = Release|Any CPU
		{3C7402D6-F5B1-4551-B0EB-AE9C41D9756B}.Release|Any CPU.Build.0 = Release|Any CPU
	EndGlobalSection
	GlobalSection(SolutionProperties) = preSolution
		HideSolutionNode = FALSE
	EndGlobalSection
	GlobalSection(ExtensibilityGlobals) = postSolution
		SolutionGuid = {3D2178D3-4114-4CC2-9EDD-A1BAB326688B}
	EndGlobalSection
EndGlobal
